{
  "name": "shipsafe-agentops-cli",
  "version": "0.1.0",
  "lockfileVersion": 3,
  "requires": true,
  "packages": {
    "": {
      "name": "shipsafe-agentops-cli",
      "version": "0.1.0",
      "bin": {
        "agentops": "bin/agentops.js"
      },
      "engines": {
        "node": ">=20"
      }
    }
  }
}
